dependencies:
- name: influxdb
  repository: https://kubernetes-charts.storage.googleapis.com/
  version: 1.3.4
- name: mongodb
  repository: https://kubernetes-charts.storage.googleapis.com/
  version: 7.2.7
- name: rabbitmq-ha
  repository: https://kubernetes-charts.storage.googleapis.com/
  version: 1.32.0
digest: sha256:d2ad3b5945db0a1170d5b18832f82e49960635f501811577914344f62b085d63
generated: "2019-09-09T09:22:42.956655+02:00"
